
Microsoft Visual Studio Solution File, Format Version 12.00
# Visual Studio 15
VisualStudioVersion = 15.0.27130.2026
MinimumVisualStudioVersion = 10.0.40219.1
Project("{9A19103F-16F7-4668-BE54-9A1E7A4F7556}") = "CaseContact", "CaseContact\CaseContact.csproj", "{33B904C8-776B-422A-9FCA-1752A799DE01}"
EndProject
Project("{9A19103F-16F7-4668-BE54-9A1E7A4F7556}") = "CaseContactUI", "CaseContactUI\CaseContactUI.csproj", "{43B71DFB-892A-4262-A5A2-C005E8F55C2D}"
EndProject
Global
	GlobalSection(SolutionConfigurationPlatforms) = preSolution
		Debug|Any CPU = Debug|Any CPU
		Release|Any CPU = Release|Any CPU
	EndGlobalSection
	GlobalSection(ProjectConfigurationPlatforms) = postSolution
		{33B904C8-776B-422A-9FCA-1752A799DE01}.Debug|Any CPU.ActiveCfg = Debug|Any CPU
		{33B904C8-776B-422A-9FCA-1752A799DE01}.Debug|Any CPU.Build.0 = Debug|Any CPU
		{33B904C8-776B-422A-9FCA-1752A799DE01}.Release|Any CPU.ActiveCfg = Release|Any CPU
		{33B904C8-776B-422A-9FCA-1752A799DE01}.Release|Any CPU.Build.0 = Release|Any CPU
		{43B71DFB-892A-4262-A5A2-C005E8F55C2D}.Debug|Any CPU.ActiveCfg = Debug|Any CPU
		{43B71DFB-892A-4262-A5A2-C005E8F55C2D}.Debug|Any CPU.Build.0 = Debug|Any CPU
		{43B71DFB-892A-4262-A5A2-C005E8F55C2D}.Release|Any CPU.ActiveCfg = Release|Any CPU
		{43B71DFB-892A-4262-A5A2-C005E8F55C2D}.Release|Any CPU.Build.0 = Release|Any CPU
	EndGlobalSection
	GlobalSection(SolutionProperties) = preSolution
		HideSolutionNode = FALSE
	EndGlobalSection
	GlobalSection(ExtensibilityGlobals) = postSolution
		SolutionGuid = {A7C8EA10-484F-483F-B258-BAFCC86928D6}
	EndGlobalSection
EndGlobal
